
Microsoft Visual Studio Solution File, Format Version 12.00
# Visual Studio Version 17
VisualStudioVersion = 17.9.34902.65
MinimumVisualStudioVersion = 10.0.40219.1
Project("{9A19103F-16F7-4668-BE54-9A1E7A4F7556}") = "BlazorApp1", "BlazorApp1\BlazorApp1.csproj", "{B2CC06BA-FA8F-4BBF-A96B-CEAAE2EA908D}"
EndProject
Global
	GlobalSection(SolutionConfigurationPlatforms) = preSolution
		Debug|Any CPU = Debug|Any CPU
		Release|Any CPU = Release|Any CPU
	EndGlobalSection
	GlobalSection(ProjectConfigurationPlatforms) = postSolution
		{B2CC06BA-FA8F-4BBF-A96B-CEAAE2EA908D}.Debug|Any CPU.ActiveCfg = Debug|Any CPU
		{B2CC06BA-FA8F-4BBF-A96B-CEAAE2EA908D}.Debug|Any CPU.Build.0 = Debug|Any CPU
		{B2CC06BA-FA8F-4BBF-A96B-CEAAE2EA908D}.Release|Any CPU.ActiveCfg = Release|Any CPU
		{B2CC06BA-FA8F-4BBF-A96B-CEAAE2EA908D}.Release|Any CPU.Build.0 = Release|Any CPU
	EndGlobalSection
	GlobalSection(SolutionProperties) = preSolution
		HideSolutionNode = FALSE
	EndGlobalSection
	GlobalSection(ExtensibilityGlobals) = postSolution
		SolutionGuid = {18AEFCC5-A9C0-48D1-BFB0-39E2A519578B}
	EndGlobalSection
EndGlobal
